// !$*UTF8*$!
{
	archiveVersion = 1;
	classes = {
	};
	objectVersion = 56;
	objects = {

/* Begin PBXBuildFile section */
		8611CA3E2C6E378E003EF28C /* TaskEntity+CoreDataClass.swift in Sources */ = {isa = PBXBuildFile; fileRef = 8611CA3C2C6E378E003EF28C /* TaskEntity+CoreDataClass.swift */; };
		8611CA3F2C6E378E003EF28C /* TaskEntity+CoreDataProperties.swift in Sources */ = {isa = PBXBuildFile; fileRef = 8611CA3D2C6E378E003EF28C /* TaskEntity+CoreDataProperties.swift */; };
		8611CA422C6E3858003EF28C /* TaskRepository.swift in Sources */ = {isa = PBXBuildFile; fileRef = 8611CA412C6E3858003EF28C /* TaskRepository.swift */; };
		8611CA452C6E3913003EF28C /* CoreDataTaskRepository.swift in Sources */ = {isa = PBXBuildFile; fileRef = 8611CA442C6E3913003EF28C /* CoreDataTaskRepository.swift */; };
		8611CA472C6E3C19003EF28C /* TaskEntity+Extensions.swift in Sources */ = {isa = PBXBuildFile; fileRef = 8611CA462C6E3C19003EF28C /* TaskEntity+Extensions.swift */; };
		8611CA492C6E437A003EF28C /* TaskViewModelFactory.swift in Sources */ = {isa = PBXBuildFile; fileRef = 8611CA482C6E437A003EF28C /* TaskViewModelFactory.swift */; };
		8669E2922C62A86F00CB6E8E /* HomeView.swift in Sources */ = {isa = PBXBuildFile; fileRef = 8669E2912C62A86F00CB6E8E /* HomeView.swift */; };
		86A99A602C61548400098FE0 /* TaskyApp.swift in Sources */ = {isa = PBXBuildFile; fileRef = 86A99A5F2C61548400098FE0 /* TaskyApp.swift */; };
		86A99A642C61548600098FE0 /* Assets.xcassets in Resources */ = {isa = PBXBuildFile; fileRef = 86A99A632C61548600098FE0 /* Assets.xcassets */; };
		86A99A672C61548600098FE0 /* Preview Assets.xcassets in Resources */ = {isa = PBXBuildFile; fileRef = 86A99A662C61548600098FE0 /* Preview Assets.xcassets */; };
		86A99A692C61548600098FE0 /* Persistence.swift in Sources */ = {isa = PBXBuildFile; fileRef = 86A99A682C61548600098FE0 /* Persistence.swift */; };
		86A99A6C2C61548600098FE0 /* Tasky.xcdatamodeld in Sources */ = {isa = PBXBuildFile; fileRef = 86A99A6A2C61548600098FE0 /* Tasky.xcdatamodeld */; };
		86A99A762C61548600098FE0 /* TaskyTests.swift in Sources */ = {isa = PBXBuildFile; fileRef = 86A99A752C61548600098FE0 /* TaskyTests.swift */; };
		86A99A802C61548600098FE0 /* TaskyUITests.swift in Sources */ = {isa = PBXBuildFile; fileRef = 86A99A7F2C61548600098FE0 /* TaskyUITests.swift */; };
		86A99A822C61548600098FE0 /* TaskyUITestsLaunchTests.swift in Sources */ = {isa = PBXBuildFile; fileRef = 86A99A812C61548600098FE0 /* TaskyUITestsLaunchTests.swift */; };
		86A99A902C615E0400098FE0 /* TaskItem.swift in Sources */ = {isa = PBXBuildFile; fileRef = 86A99A8F2C615E0400098FE0 /* TaskItem.swift */; };
		86A99A932C615EF100098FE0 /* TaskViewModel.swift in Sources */ = {isa = PBXBuildFile; fileRef = 86A99A922C615EF100098FE0 /* TaskViewModel.swift */; };
		86D994732C6350EB001AE47C /* Date+Extensions.swift in Sources */ = {isa = PBXBuildFile; fileRef = 86D994722C6350EB001AE47C /* Date+Extensions.swift */; };
		86D994782C635E59001AE47C /* AddTaskView.swift in Sources */ = {isa = PBXBuildFile; fileRef = 86D994772C635E59001AE47C /* AddTaskView.swift */; };
		86D9947E2C636DFC001AE47C /* TaskDetailView.swift in Sources */ = {isa = PBXBuildFile; fileRef = 86D9947D2C636DFC001AE47C /* TaskDetailView.swift */; };
/* End PBXBuildFile section */

/* Begin PBXContainerItemProxy section */
		86A99A722C61548600098FE0 /* PBXContainerItemProxy */ = {
			isa = PBXContainerItemProxy;
			containerPortal = 86A99A542C61548400098FE0 /* Project object */;
			proxyType = 1;
			remoteGlobalIDString = 86A99A5B2C61548400098FE0;
			remoteInfo = Tasky;
		};
		86A99A7C2C61548600098FE0 /* PBXContainerItemProxy */ = {
			isa = PBXContainerItemProxy;
			containerPortal = 86A99A542C61548400098FE0 /* Project object */;
			proxyType = 1;
			remoteGlobalIDString = 86A99A5B2C61548400098FE0;
			remoteInfo = Tasky;
		};
/* End PBXContainerItemProxy section */

/* Begin PBXFileReference section */
		8611CA3C2C6E378E003EF28C /* TaskEntity+CoreDataClass.swift */ = {isa = PBXFileReference; lastKnownFileType = sourcecode.swift; path = "TaskEntity+CoreDataClass.swift"; sourceTree = "<group>"; };
		8611CA3D2C6E378E003EF28C /* TaskEntity+CoreDataProperties.swift */ = {isa = PBXFileReference; lastKnownFileType = sourcecode.swift; path = "TaskEntity+CoreDataProperties.swift"; sourceTree = "<group>"; };
		8611CA412C6E3858003EF28C /* TaskRepository.swift */ = {isa = PBXFileReference; lastKnownFileType = sourcecode.swift; path = TaskRepository.swift; sourceTree = "<group>"; };
		8611CA442C6E3913003EF28C /* CoreDataTaskRepository.swift */ = {isa = PBXFileReference; lastKnownFileType = sourcecode.swift; path = CoreDataTaskRepository.swift; sourceTree = "<group>"; };
		8611CA462C6E3C19003EF28C /* TaskEntity+Extensions.swift */ = {isa = PBXFileReference; lastKnownFileType = sourcecode.swift; path = "TaskEntity+Extensions.swift"; sourceTree = "<group>"; };
		8611CA482C6E437A003EF28C /* TaskViewModelFactory.swift */ = {isa = PBXFileReference; lastKnownFileType = sourcecode.swift; path = TaskViewModelFactory.swift; sourceTree = "<group>"; };
		8669E2912C62A86F00CB6E8E /* HomeView.swift */ = {isa = PBXFileReference; lastKnownFileType = sourcecode.swift; path = HomeView.swift; sourceTree = "<group>"; };
		86A99A5C2C61548400098FE0 /* Tasky.app */ = {isa = PBXFileReference; explicitFileType = wrapper.application; includeInIndex = 0; path = Tasky.app; sourceTree = BUILT_PRODUCTS_DIR; };
		86A99A5F2C61548400098FE0 /* TaskyApp.swift */ = {isa = PBXFileReference; lastKnownFileType = sourcecode.swift; path = TaskyApp.swift; sourceTree = "<group>"; };
		86A99A632C61548600098FE0 /* Assets.xcassets */ = {isa = PBXFileReference; lastKnownFileType = folder.assetcatalog; path = Assets.xcassets; sourceTree = "<group>"; };
		86A99A662C61548600098FE0 /* Preview Assets.xcassets */ = {isa = PBXFileReference; lastKnownFileType = folder.assetcatalog; path = "Preview Assets.xcassets"; sourceTree = "<group>"; };
		86A99A682C61548600098FE0 /* Persistence.swift */ = {isa = PBXFileReference; lastKnownFileType = sourcecode.swift; path = Persistence.swift; sourceTree = "<group>"; };
		86A99A6B2C61548600098FE0 /* Tasky.xcdatamodel */ = {isa = PBXFileReference; lastKnownFileType = wrapper.xcdatamodel; path = Tasky.xcdatamodel; sourceTree = "<group>"; };
		86A99A712C61548600098FE0 /* TaskyTests.xctest */ = {isa = PBXFileReference; explicitFileType = wrapper.cfbundle; includeInIndex = 0; path = TaskyTests.xctest; sourceTree = BUILT_PRODUCTS_DIR; };
		86A99A752C61548600098FE0 /* TaskyTests.swift */ = {isa = PBXFileReference; lastKnownFileType = sourcecode.swift; path = TaskyTests.swift; sourceTree = "<group>"; };
		86A99A7B2C61548600098FE0 /* TaskyUITests.xctest */ = {isa = PBXFileReference; explicitFileType = wrapper.cfbundle; includeInIndex = 0; path = TaskyUITests.xctest; sourceTree = BUILT_PRODUCTS_DIR; };
		86A99A7F2C61548600098FE0 /* TaskyUITests.swift */ = {isa = PBXFileReference; lastKnownFileType = sourcecode.swift; path = TaskyUITests.swift; sourceTree = "<group>"; };
		86A99A812C61548600098FE0 /* TaskyUITestsLaunchTests.swift */ = {isa = PBXFileReference; lastKnownFileType = sourcecode.swift; path = TaskyUITestsLaunchTests.swift; sourceTree = "<group>"; };
		86A99A8F2C615E0400098FE0 /* TaskItem.swift */ = {isa = PBXFileReference; lastKnownFileType = sourcecode.swift; path = TaskItem.swift; sourceTree = "<group>"; };
		86A99A922C615EF100098FE0 /* TaskViewModel.swift */ = {isa = PBXFileReference; lastKnownFileType = sourcecode.swift; path = TaskViewModel.swift; sourceTree = "<group>"; };
		86D994722C6350EB001AE47C /* Date+Extensions.swift */ = {isa = PBXFileReference; lastKnownFileType = sourcecode.swift; path = "Date+Extensions.swift"; sourceTree = "<group>"; };
		86D994772C635E59001AE47C /* AddTaskView.swift */ = {isa = PBXFileReference; lastKnownFileType = sourcecode.swift; path = AddTaskView.swift; sourceTree = "<group>"; };
		86D9947D2C636DFC001AE47C /* TaskDetailView.swift */ = {isa = PBXFileReference; lastKnownFileType = sourcecode.swift; path = TaskDetailView.swift; sourceTree = "<group>"; };
/* End PBXFileReference section */

/* Begin PBXFrameworksBuildPhase section */
		86A99A592C61548400098FE0 /* Frameworks */ = {
			isa = PBXFrameworksBuildPhase;
			buildActionMask = 2147483647;
			files = (
			);
			runOnlyForDeploymentPostprocessing = 0;
		};
		86A99A6E2C61548600098FE0 /* Frameworks */ = {
			isa = PBXFrameworksBuildPhase;
			buildActionMask = 2147483647;
			files = (
			);
			runOnlyForDeploymentPostprocessing = 0;
		};
		86A99A782C61548600098FE0 /* Frameworks */ = {
			isa = PBXFrameworksBuildPhase;
			buildActionMask = 2147483647;
			files = (
			);
			runOnlyForDeploymentPostprocessing = 0;
		};
/* End PBXFrameworksBuildPhase section */

/* Begin PBXGroup section */
		8611CA3B2C6E3774003EF28C /* CoreData Models */ = {
			isa = PBXGroup;
			children = (
				8611CA3C2C6E378E003EF28C /* TaskEntity+CoreDataClass.swift */,
				8611CA3D2C6E378E003EF28C /* TaskEntity+CoreDataProperties.swift */,
				8611CA462C6E3C19003EF28C /* TaskEntity+Extensions.swift */,
			);
			path = "CoreData Models";
			sourceTree = "<group>";
		};
		8611CA402C6E3845003EF28C /* Repository */ = {
			isa = PBXGroup;
			children = (
				8611CA412C6E3858003EF28C /* TaskRepository.swift */,
				8611CA442C6E3913003EF28C /* CoreDataTaskRepository.swift */,
			);
			path = Repository;
			sourceTree = "<group>";
		};
		8669E28F2C62A86000CB6E8E /* View */ = {
			isa = PBXGroup;
			children = (
				86D9947C2C636DF0001AE47C /* TaskDetailView */,
				86D994742C635E3C001AE47C /* AddTaskView */,
				8669E2902C62A86300CB6E8E /* HomeView */,
			);
			path = View;
			sourceTree = "<group>";
		};
		8669E2902C62A86300CB6E8E /* HomeView */ = {
			isa = PBXGroup;
			children = (
				8669E2912C62A86F00CB6E8E /* HomeView.swift */,
			);
			path = HomeView;
			sourceTree = "<group>";
		};
		86A99A532C61548400098FE0 = {
			isa = PBXGroup;
			children = (
				86A99A5E2C61548400098FE0 /* Tasky */,
				86A99A742C61548600098FE0 /* TaskyTests */,
				86A99A7E2C61548600098FE0 /* TaskyUITests */,
				86A99A5D2C61548400098FE0 /* Products */,
			);
			sourceTree = "<group>";
		};
		86A99A5D2C61548400098FE0 /* Products */ = {
			isa = PBXGroup;
			children = (
				86A99A5C2C61548400098FE0 /* Tasky.app */,
				86A99A712C61548600098FE0 /* TaskyTests.xctest */,
				86A99A7B2C61548600098FE0 /* TaskyUITests.xctest */,
			);
			name = Products;
			sourceTree = "<group>";
		};
		86A99A5E2C61548400098FE0 /* Tasky */ = {
			isa = PBXGroup;
			children = (
				8611CA402C6E3845003EF28C /* Repository */,
				86D994702C6350C6001AE47C /* Extensions */,
				8669E28F2C62A86000CB6E8E /* View */,
				86A99A912C615EDC00098FE0 /* ViewModel */,
				86A99A8E2C615DF700098FE0 /* Model */,
				86A99A5F2C61548400098FE0 /* TaskyApp.swift */,
				86A99A632C61548600098FE0 /* Assets.xcassets */,
				86A99A682C61548600098FE0 /* Persistence.swift */,
				86A99A6A2C61548600098FE0 /* Tasky.xcdatamodeld */,
				86A99A652C61548600098FE0 /* Preview Content */,
			);
			path = Tasky;
			sourceTree = "<group>";
		};
		86A99A652C61548600098FE0 /* Preview Content */ = {
			isa = PBXGroup;
			children = (
				86A99A662C61548600098FE0 /* Preview Assets.xcassets */,
			);
			path = "Preview Content";
			sourceTree = "<group>";
		};
		86A99A742C61548600098FE0 /* TaskyTests */ = {
			isa = PBXGroup;
			children = (
				86A99A752C61548600098FE0 /* TaskyTests.swift */,
			);
			path = TaskyTests;
			sourceTree = "<group>";
		};
		86A99A7E2C61548600098FE0 /* TaskyUITests */ = {
			isa = PBXGroup;
			children = (
				86A99A7F2C61548600098FE0 /* TaskyUITests.swift */,
				86A99A812C61548600098FE0 /* TaskyUITestsLaunchTests.swift */,
			);
			path = TaskyUITests;
			sourceTree = "<group>";
		};
		86A99A8E2C615DF700098FE0 /* Model */ = {
			isa = PBXGroup;
			children = (
				8611CA3B2C6E3774003EF28C /* CoreData Models */,
				86A99A8F2C615E0400098FE0 /* TaskItem.swift */,
			);
			path = Model;
			sourceTree = "<group>";
		};
		86A99A912C615EDC00098FE0 /* ViewModel */ = {
			isa = PBXGroup;
			children = (
				86A99A922C615EF100098FE0 /* TaskViewModel.swift */,
				8611CA482C6E437A003EF28C /* TaskViewModelFactory.swift */,
			);
			path = ViewModel;
			sourceTree = "<group>";
		};
		86D994702C6350C6001AE47C /* Extensions */ = {
			isa = PBXGroup;
			children = (
				86D994722C6350EB001AE47C /* Date+Extensions.swift */,
			);
			path = Extensions;
			sourceTree = "<group>";
		};
		86D994742C635E3C001AE47C /* AddTaskView */ = {
			isa = PBXGroup;
			children = (
				86D994772C635E59001AE47C /* AddTaskView.swift */,
			);
			path = AddTaskView;
			sourceTree = "<group>";
		};
		86D9947C2C636DF0001AE47C /* TaskDetailView */ = {
			isa = PBXGroup;
			children = (
				86D9947D2C636DFC001AE47C /* TaskDetailView.swift */,
			);
			path = TaskDetailView;
			sourceTree = "<group>";
		};
/* End PBXGroup section */

/* Begin PBXNativeTarget section */
		86A99A5B2C61548400098FE0 /* Tasky */ = {
			isa = PBXNativeTarget;
			buildConfigurationList = 86A99A852C61548600098FE0 /* Build configuration list for PBXNativeTarget "Tasky" */;
			buildPhases = (
				86A99A582C61548400098FE0 /* Sources */,
				86A99A592C61548400098FE0 /* Frameworks */,
				86A99A5A2C61548400098FE0 /* Resources */,
			);
			buildRules = (
			);
			dependencies = (
			);
			name = Tasky;
			productName = Tasky;
			productReference = 86A99A5C2C61548400098FE0 /* Tasky.app */;
			productType = "com.apple.product-type.application";
		};
		86A99A702C61548600098FE0 /* TaskyTests */ = {
			isa = PBXNativeTarget;
			buildConfigurationList = 86A99A882C61548600098FE0 /* Build configuration list for PBXNativeTarget "TaskyTests" */;
			buildPhases = (
				86A99A6D2C61548600098FE0 /* Sources */,
				86A99A6E2C61548600098FE0 /* Frameworks */,
				86A99A6F2C61548600098FE0 /* Resources */,
			);
			buildRules = (
			);
			dependencies = (
				86A99A732C61548600098FE0 /* PBXTargetDependency */,
			);
			name = TaskyTests;
			productName = TaskyTests;
			productReference = 86A99A712C61548600098FE0 /* TaskyTests.xctest */;
			productType = "com.apple.product-type.bundle.unit-test";
		};
		86A99A7A2C61548600098FE0 /* TaskyUITests */ = {
			isa = PBXNativeTarget;
			buildConfigurationList = 86A99A8B2C61548600098FE0 /* Build configuration list for PBXNativeTarget "TaskyUITests" */;
			buildPhases = (
				86A99A772C61548600098FE0 /* Sources */,
				86A99A782C61548600098FE0 /* Frameworks */,
				86A99A792C61548600098FE0 /* Resources */,
			);
			buildRules = (
			);
			dependencies = (
				86A99A7D2C61548600098FE0 /* PBXTargetDependency */,
			);
			name = TaskyUITests;
			productName = TaskyUITests;
			productReference = 86A99A7B2C61548600098FE0 /* TaskyUITests.xctest */;
			productType = "com.apple.product-type.bundle.ui-testing";
		};
/* End PBXNativeTarget section */

/* Begin PBXProject section */
		86A99A542C61548400098FE0 /* Project object */ = {
			isa = PBXProject;
			attributes = {
				BuildIndependentTargetsInParallel = 1;
				LastSwiftUpdateCheck = 1500;
				LastUpgradeCheck = 1500;
				TargetAttributes = {
					86A99A5B2C61548400098FE0 = {
						CreatedOnToolsVersion = 15.0.1;
					};
					86A99A702C61548600098FE0 = {
						CreatedOnToolsVersion = 15.0.1;
						TestTargetID = 86A99A5B2C61548400098FE0;
					};
					86A99A7A2C61548600098FE0 = {
						CreatedOnToolsVersion = 15.0.1;
						TestTargetID = 86A99A5B2C61548400098FE0;
					};
				};
			};
			buildConfigurationList = 86A99A572C61548400098FE0 /* Build configuration list for PBXProject "Tasky" */;
			compatibilityVersion = "Xcode 14.0";
			developmentRegion = en;
			hasScannedForEncodings = 0;
			knownRegions = (
				en,
				Base,
			);
			mainGroup = 86A99A532C61548400098FE0;
			productRefGroup = 86A99A5D2C61548400098FE0 /* Products */;
			projectDirPath = "";
			projectRoot = "";
			targets = (
				86A99A5B2C61548400098FE0 /* Tasky */,
				86A99A702C61548600098FE0 /* TaskyTests */,
				86A99A7A2C61548600098FE0 /* TaskyUITests */,
			);
		};
/* End PBXProject section */

/* Begin PBXResourcesBuildPhase section */
		86A99A5A2C61548400098FE0 /* Resources */ = {
			isa = PBXResourcesBuildPhase;
			buildActionMask = 2147483647;
			files = (
				86A99A672C61548600098FE0 /* Preview Assets.xcassets in Resources */,
				86A99A642C61548600098FE0 /* Assets.xcassets in Resources */,
			);
			runOnlyForDeploymentPostprocessing = 0;
		};
		86A99A6F2C61548600098FE0 /* Resources */ = {
			isa = PBXResourcesBuildPhase;
			buildActionMask = 2147483647;
			files = (
			);
			runOnlyForDeploymentPostprocessing = 0;
		};
		86A99A792C61548600098FE0 /* Resources */ = {
			isa = PBXResourcesBuildPhase;
			buildActionMask = 2147483647;
			files = (
			);
			runOnlyForDeploymentPostprocessing = 0;
		};
/* End PBXResourcesBuildPhase section */

/* Begin PBXSourcesBuildPhase section */
		86A99A582C61548400098FE0 /* Sources */ = {
			isa = PBXSourcesBuildPhase;
			buildActionMask = 2147483647;
			files = (
				86A99A692C61548600098FE0 /* Persistence.swift in Sources */,
				8611CA472C6E3C19003EF28C /* TaskEntity+Extensions.swift in Sources */,
				86A99A6C2C61548600098FE0 /* Tasky.xcdatamodeld in Sources */,
				8611CA452C6E3913003EF28C /* CoreDataTaskRepository.swift in Sources */,
				86D994732C6350EB001AE47C /* Date+Extensions.swift in Sources */,
				86D9947E2C636DFC001AE47C /* TaskDetailView.swift in Sources */,
				8611CA3F2C6E378E003EF28C /* TaskEntity+CoreDataProperties.swift in Sources */,
				86D994782C635E59001AE47C /* AddTaskView.swift in Sources */,
				8611CA422C6E3858003EF28C /* TaskRepository.swift in Sources */,
				86A99A602C61548400098FE0 /* TaskyApp.swift in Sources */,
				8669E2922C62A86F00CB6E8E /* HomeView.swift in Sources */,
				8611CA492C6E437A003EF28C /* TaskViewModelFactory.swift in Sources */,
				86A99A932C615EF100098FE0 /* TaskViewModel.swift in Sources */,
				86A99A902C615E0400098FE0 /* TaskItem.swift in Sources */,
				8611CA3E2C6E378E003EF28C /* TaskEntity+CoreDataClass.swift in Sources */,
			);
			runOnlyForDeploymentPostprocessing = 0;
		};
		86A99A6D2C61548600098FE0 /* Sources */ = {
			isa = PBXSourcesBuildPhase;
			buildActionMask = 2147483647;
			files = (
				86A99A762C61548600098FE0 /* TaskyTests.swift in Sources */,
			);
			runOnlyForDeploymentPostprocessing = 0;
		};
		86A99A772C61548600098FE0 /* Sources */ = {
			isa = PBXSourcesBuildPhase;
			buildActionMask = 2147483647;
			files = (
				86A99A802C61548600098FE0 /* TaskyUITests.swift in Sources */,
				86A99A822C61548600098FE0 /* TaskyUITestsLaunchTests.swift in Sources */,
			);
			runOnlyForDeploymentPostprocessing = 0;
		};
/* End PBXSourcesBuildPhase section */

/* Begin PBXTargetDependency section */
		86A99A732C61548600098FE0 /* PBXTargetDependency */ = {
			isa = PBXTargetDependency;
			target = 86A99A5B2C61548400098FE0 /* Tasky */;
			targetProxy = 86A99A722C61548600098FE0 /* PBXContainerItemProxy */;
		};
		86A99A7D2C61548600098FE0 /* PBXTargetDependency */ = {
			isa = PBXTargetDependency;
			target = 86A99A5B2C61548400098FE0 /* Tasky */;
			targetProxy = 86A99A7C2C61548600098FE0 /* PBXContainerItemProxy */;
		};
/* End PBXTargetDependency section */

/* Begin XCBuildConfiguration section */
		86A99A832C61548600098FE0 /* Debug */ = {
			isa = XCBuildConfiguration;
			buildSettings = {
				ALWAYS_SEARCH_USER_PATHS = NO;
				ASSETCATALOG_COMPILER_GENERATE_SWIFT_ASSET_SYMBOL_EXTENSIONS = YES;
				CLANG_ANALYZER_NONNULL = YES;
				CLANG_ANALYZER_NUMBER_OBJECT_CONVERSION = YES_AGGRESSIVE;
				CLANG_CXX_LANGUAGE_STANDARD = "gnu++20";
				CLANG_ENABLE_MODULES = YES;
				CLANG_ENABLE_OBJC_ARC = YES;
				CLANG_ENABLE_OBJC_WEAK = YES;
				CLANG_WARN_BLOCK_CAPTURE_AUTORELEASING = YES;
				CLANG_WARN_BOOL_CONVERSION = YES;
				CLANG_WARN_COMMA = YES;
				CLANG_WARN_CONSTANT_CONVERSION = YES;
				CLANG_WARN_DEPRECATED_OBJC_IMPLEMENTATIONS = YES;
				CLANG_WARN_DIRECT_OBJC_ISA_USAGE = YES_ERROR;
				CLANG_WARN_DOCUMENTATION_COMMENTS = YES;
				CLANG_WARN_EMPTY_BODY = YES;
				CLANG_WARN_ENUM_CONVERSION = YES;
				CLANG_WARN_INFINITE_RECURSION = YES;
				CLANG_WARN_INT_CONVERSION = YES;
				CLANG_WARN_NON_LITERAL_NULL_CONVERSION = YES;
				CLANG_WARN_OBJC_IMPLICIT_RETAIN_SELF = YES;
				CLANG_WARN_OBJC_LITERAL_CONVERSION = YES;
				CLANG_WARN_OBJC_ROOT_CLASS = YES_ERROR;
				CLANG_WARN_QUOTED_INCLUDE_IN_FRAMEWORK_HEADER = YES;
				CLANG_WARN_RANGE_LOOP_ANALYSIS = YES;
				CLANG_WARN_STRICT_PROTOTYPES = YES;
				CLANG_WARN_SUSPICIOUS_MOVE = YES;
				CLANG_WARN_UNGUARDED_AVAILABILITY = YES_AGGRESSIVE;
				CLANG_WARN_UNREACHABLE_CODE = YES;
				CLANG_WARN__DUPLICATE_METHOD_MATCH = YES;
				COPY_PHASE_STRIP = NO;
				DEBUG_INFORMATION_FORMAT = dwarf;
				ENABLE_STRICT_OBJC_MSGSEND = YES;
				ENABLE_TESTABILITY = YES;
				ENABLE_USER_SCRIPT_SANDBOXING = YES;
				GCC_C_LANGUAGE_STANDARD = gnu17;
				GCC_DYNAMIC_NO_PIC = NO;
				GCC_NO_COMMON_BLOCKS = YES;
				GCC_OPTIMIZATION_LEVEL = 0;
				GCC_PREPROCESSOR_DEFINITIONS = (
					"DEBUG=1",
					"$(inherited)",
				);
				GCC_WARN_64_TO_32_BIT_CONVERSION = YES;
				GCC_WARN_ABOUT_RETURN_TYPE = YES_ERROR;
				GCC_WARN_UNDECLARED_SELECTOR = YES;
				GCC_WARN_UNINITIALIZED_AUTOS = YES_AGGRESSIVE;
				GCC_WARN_UNUSED_FUNCTION = YES;
				GCC_WARN_UNUSED_VARIABLE = YES;
				IPHONEOS_DEPLOYMENT_TARGET = 17.0;
				LOCALIZATION_PREFERS_STRING_CATALOGS = YES;
				MTL_ENABLE_DEBUG_INFO = INCLUDE_SOURCE;
				MTL_FAST_MATH = YES;
				ONLY_ACTIVE_ARCH = YES;
				SDKROOT = iphoneos;
				SWIFT_ACTIVE_COMPILATION_CONDITIONS = "DEBUG $(inherited)";
				SWIFT_OPTIMIZATION_LEVEL = "-Onone";
			};
			name = Debug;
		};
		86A99A842C61548600098FE0 /* Release */ = {
			isa = XCBuildConfiguration;
			buildSettings = {
				ALWAYS_SEARCH_USER_PATHS = NO;
				ASSETCATALOG_COMPILER_GENERATE_SWIFT_ASSET_SYMBOL_EXTENSIONS = YES;
				CLANG_ANALYZER_NONNULL = YES;
				CLANG_ANALYZER_NUMBER_OBJECT_CONVERSION = YES_AGGRESSIVE;
				CLANG_CXX_LANGUAGE_STANDARD = "gnu++20";
				CLANG_ENABLE_MODULES = YES;
				CLANG_ENABLE_OBJC_ARC = YES;
				CLANG_ENABLE_OBJC_WEAK = YES;
				CLANG_WARN_BLOCK_CAPTURE_AUTORELEASING = YES;
				CLANG_WARN_BOOL_CONVERSION = YES;
				CLANG_WARN_COMMA = YES;
				CLANG_WARN_CONSTANT_CONVERSION = YES;
				CLANG_WARN_DEPRECATED_OBJC_IMPLEMENTATIONS = YES;
				CLANG_WARN_DIRECT_OBJC_ISA_USAGE = YES_ERROR;
				CLANG_WARN_DOCUMENTATION_COMMENTS = YES;
				CLANG_WARN_EMPTY_BODY = YES;
				CLANG_WARN_ENUM_CONVERSION = YES;
				CLANG_WARN_INFINITE_RECURSION = YES;
				CLANG_WARN_INT_CONVERSION = YES;
				CLANG_WARN_NON_LITERAL_NULL_CONVERSION = YES;
				CLANG_WARN_OBJC_IMPLICIT_RETAIN_SELF = YES;
				CLANG_WARN_OBJC_LITERAL_CONVERSION = YES;
				CLANG_WARN_OBJC_ROOT_CLASS = YES_ERROR;
				CLANG_WARN_QUOTED_INCLUDE_IN_FRAMEWORK_HEADER = YES;
				CLANG_WARN_RANGE_LOOP_ANALYSIS = YES;
				CLANG_WARN_STRICT_PROTOTYPES = YES;
				CLANG_WARN_SUSPICIOUS_MOVE = YES;
				CLANG_WARN_UNGUARDED_AVAILABILITY = YES_AGGRESSIVE;
				CLANG_WARN_UNREACHABLE_CODE = YES;
				CLANG_WARN__DUPLICATE_METHOD_MATCH = YES;
				COPY_PHASE_STRIP = NO;
				DEBUG_INFORMATION_FORMAT = "dwarf-with-dsym";
				ENABLE_NS_ASSERTIONS = NO;
				ENABLE_STRICT_OBJC_MSGSEND = YES;
				ENABLE_USER_SCRIPT_SANDBOXING = YES;
				GCC_C_LANGUAGE_STANDARD = gnu17;
				GCC_NO_COMMON_BLOCKS = YES;
				GCC_WARN_64_TO_32_BIT_CONVERSION = YES;
				GCC_WARN_ABOUT_RETURN_TYPE = YES_ERROR;
				GCC_WARN_UNDECLARED_SELECTOR = YES;
				GCC_WARN_UNINITIALIZED_AUTOS = YES_AGGRESSIVE;
				GCC_WARN_UNUSED_FUNCTION = YES;
				GCC_WARN_UNUSED_VARIABLE = YES;
				IPHONEOS_DEPLOYMENT_TARGET = 17.0;
				LOCALIZATION_PREFERS_STRING_CATALOGS = YES;
				MTL_ENABLE_DEBUG_INFO = NO;
				MTL_FAST_MATH = YES;
				SDKROOT = iphoneos;
				SWIFT_COMPILATION_MODE = wholemodule;
				VALIDATE_PRODUCT = YES;
			};
			name = Release;
		};
		86A99A862C61548600098FE0 /* Debug */ = {
			isa = XCBuildConfiguration;
			buildSettings = {
				ASSETCATALOG_COMPILER_APPICON_NAME = AppIcon;
				ASSETCATALOG_COMPILER_GLOBAL_ACCENT_COLOR_NAME = AccentColor;
				CODE_SIGN_STYLE = Automatic;
				CURRENT_PROJECT_VERSION = 1;
				DEVELOPMENT_ASSET_PATHS = "\"Tasky/Preview Content\"";
				DEVELOPMENT_TEAM = 98GGD2LM74;
				ENABLE_PREVIEWS = YES;
				GENERATE_INFOPLIST_FILE = YES;
				INFOPLIST_KEY_UIApplicationSceneManifest_Generation = YES;
				INFOPLIST_KEY_UIApplicationSupportsIndirectInputEvents = YES;
				INFOPLIST_KEY_UILaunchScreen_Generation = YES;
				INFOPLIST_KEY_UISupportedInterfaceOrientations_iPad = "UIInterfaceOrientationPortrait UIInterfaceOrientationPortraitUpsideDown UIInterfaceOrientationLandscapeLeft UIInterfaceOrientationLandscapeRight";
				INFOPLIST_KEY_UISupportedInterfaceOrientations_iPhone = "UIInterfaceOrientationPortrait UIInterfaceOrientationLandscapeLeft UIInterfaceOrientationLandscapeRight";
				LD_RUNPATH_SEARCH_PATHS = (
					"$(inherited)",
					"@executable_path/Frameworks",
				);
				MARKETING_VERSION = 1.0;
				PRODUCT_BUNDLE_IDENTIFIER = io.avii.Tasky;
				PRODUCT_NAME = "$(TARGET_NAME)";
				SWIFT_EMIT_LOC_STRINGS = YES;
				SWIFT_VERSION = 5.0;
				TARGETED_DEVICE_FAMILY = "1,2";
			};
			name = Debug;
		};
		86A99A872C61548600098FE0 /* Release */ = {
			isa = XCBuildConfiguration;
			buildSettings = {
				ASSETCATALOG_COMPILER_APPICON_NAME = AppIcon;
				ASSETCATALOG_COMPILER_GLOBAL_ACCENT_COLOR_NAME = AccentColor;
				CODE_SIGN_STYLE = Automatic;
				CURRENT_PROJECT_VERSION = 1;
				DEVELOPMENT_ASSET_PATHS = "\"Tasky/Preview Content\"";
				DEVELOPMENT_TEAM = 98GGD2LM74;
				ENABLE_PREVIEWS = YES;
				GENERATE_INFOPLIST_FILE = YES;
				INFOPLIST_KEY_UIApplicationSceneManifest_Generation = YES;
				INFOPLIST_KEY_UIApplicationSupportsIndirectInputEvents = YES;
				INFOPLIST_KEY_UILaunchScreen_Generation = YES;
				INFOPLIST_KEY_UISupportedInterfaceOrientations_iPad = "UIInterfaceOrientationPortrait UIInterfaceOrientationPortraitUpsideDown UIInterfaceOrientationLandscapeLeft UIInterfaceOrientationLandscapeRight";
				INFOPLIST_KEY_UISupportedInterfaceOrientations_iPhone = "UIInterfaceOrientationPortrait UIInterfaceOrientationLandscapeLeft UIInterfaceOrientationLandscapeRight";
				LD_RUNPATH_SEARCH_PATHS = (
					"$(inherited)",
					"@executable_path/Frameworks",
				);
				MARKETING_VERSION = 1.0;
				PRODUCT_BUNDLE_IDENTIFIER = io.avii.Tasky;
				PRODUCT_NAME = "$(TARGET_NAME)";
				SWIFT_EMIT_LOC_STRINGS = YES;
				SWIFT_VERSION = 5.0;
				TARGETED_DEVICE_FAMILY = "1,2";
			};
			name = Release;
		};
		86A99A892C61548600098FE0 /* Debug */ = {
			isa = XCBuildConfiguration;
			buildSettings = {
				ALWAYS_EMBED_SWIFT_STANDARD_LIBRARIES = YES;
				BUNDLE_LOADER = "$(TEST_HOST)";
				CODE_SIGN_STYLE = Automatic;
				CURRENT_PROJECT_VERSION = 1;
				DEVELOPMENT_TEAM = 98GGD2LM74;
				GENERATE_INFOPLIST_FILE = YES;
				IPHONEOS_DEPLOYMENT_TARGET = 17.0;
				MARKETING_VERSION = 1.0;
				PRODUCT_BUNDLE_IDENTIFIER = io.avii.TaskyTests;
				PRODUCT_NAME = "$(TARGET_NAME)";
				SWIFT_EMIT_LOC_STRINGS = NO;
				SWIFT_VERSION = 5.0;
				TARGETED_DEVICE_FAMILY = "1,2";
				TEST_HOST = "$(BUILT_PRODUCTS_DIR)/Tasky.app/$(BUNDLE_EXECUTABLE_FOLDER_PATH)/Tasky";
			};
			name = Debug;
		};
		86A99A8A2C61548600098FE0 /* Release */ = {
			isa = XCBuildConfiguration;
			buildSettings = {
				ALWAYS_EMBED_SWIFT_STANDARD_LIBRARIES = YES;
				BUNDLE_LOADER = "$(TEST_HOST)";
				CODE_SIGN_STYLE = Automatic;
				CURRENT_PROJECT_VERSION = 1;
				DEVELOPMENT_TEAM = 98GGD2LM74;
				GENERATE_INFOPLIST_FILE = YES;
				IPHONEOS_DEPLOYMENT_TARGET = 17.0;
				MARKETING_VERSION = 1.0;
				PRODUCT_BUNDLE_IDENTIFIER = io.avii.TaskyTests;
				PRODUCT_NAME = "$(TARGET_NAME)";
				SWIFT_EMIT_LOC_STRINGS = NO;
				SWIFT_VERSION = 5.0;
				TARGETED_DEVICE_FAMILY = "1,2";
				TEST_HOST = "$(BUILT_PRODUCTS_DIR)/Tasky.app/$(BUNDLE_EXECUTABLE_FOLDER_PATH)/Tasky";
			};
			name = Release;
		};
		86A99A8C2C61548600098FE0 /* Debug */ = {
			isa = XCBuildConfiguration;
			buildSettings = {
				ALWAYS_EMBED_SWIFT_STANDARD_LIBRARIES = YES;
				CODE_SIGN_STYLE = Automatic;
				CURRENT_PROJECT_VERSION = 1;
				DEVELOPMENT_TEAM = 98GGD2LM74;
				GENERATE_INFOPLIST_FILE = YES;
				MARKETING_VERSION = 1.0;
				PRODUCT_BUNDLE_IDENTIFIER = io.avii.TaskyUITests;
				PRODUCT_NAME = "$(TARGET_NAME)";
				SWIFT_EMIT_LOC_STRINGS = NO;
				SWIFT_VERSION = 5.0;
				TARGETED_DEVICE_FAMILY = "1,2";
				TEST_TARGET_NAME = Tasky;
			};
			name = Debug;
		};
		86A99A8D2C61548600098FE0 /* Release */ = {
			isa = XCBuildConfiguration;
			buildSettings = {
				ALWAYS_EMBED_SWIFT_STANDARD_LIBRARIES = YES;
				CODE_SIGN_STYLE = Automatic;
				CURRENT_PROJECT_VERSION = 1;
				DEVELOPMENT_TEAM = 98GGD2LM74;
				GENERATE_INFOPLIST_FILE = YES;
				MARKETING_VERSION = 1.0;
				PRODUCT_BUNDLE_IDENTIFIER = io.avii.TaskyUITests;
				PRODUCT_NAME = "$(TARGET_NAME)";
				SWIFT_EMIT_LOC_STRINGS = NO;
				SWIFT_VERSION = 5.0;
				TARGETED_DEVICE_FAMILY = "1,2";
				TEST_TARGET_NAME = Tasky;
			};
			name = Release;
		};
/* End XCBuildConfiguration section */

/* Begin XCConfigurationList section */
		86A99A572C61548400098FE0 /* Build configuration list for PBXProject "Tasky" */ = {
			isa = XCConfigurationList;
			buildConfigurations = (
				86A99A832C61548600098FE0 /* Debug */,
				86A99A842C61548600098FE0 /* Release */,
			);
			defaultConfigurationIsVisible = 0;
			defaultConfigurationName = Release;
		};
		86A99A852C61548600098FE0 /* Build configuration list for PBXNativeTarget "Tasky" */ = {
			isa = XCConfigurationList;
			buildConfigurations = (
				86A99A862C61548600098FE0 /* Debug */,
				86A99A872C61548600098FE0 /* Release */,
			);
			defaultConfigurationIsVisible = 0;
			defaultConfigurationName = Release;
		};
		86A99A882C61548600098FE0 /* Build configuration list for PBXNativeTarget "TaskyTests" */ = {
			isa = XCConfigurationList;
			buildConfigurations = (
				86A99A892C61548600098FE0 /* Debug */,
				86A99A8A2C61548600098FE0 /* Release */,
			);
			defaultConfigurationIsVisible = 0;
			defaultConfigurationName = Release;
		};
		86A99A8B2C61548600098FE0 /* Build configuration list for PBXNativeTarget "TaskyUITests" */ = {
			isa = XCConfigurationList;
			buildConfigurations = (
				86A99A8C2C61548600098FE0 /* Debug */,
				86A99A8D2C61548600098FE0 /* Release */,
			);
			defaultConfigurationIsVisible = 0;
			defaultConfigurationName = Release;
		};
/* End XCConfigurationList section */

/* Begin XCVersionGroup section */
		86A99A6A2C61548600098FE0 /* Tasky.xcdatamodeld */ = {
			isa = XCVersionGroup;
			children = (
				86A99A6B2C61548600098FE0 /* Tasky.xcdatamodel */,
			);
			currentVersion = 86A99A6B2C61548600098FE0 /* Tasky.xcdatamodel */;
			path = Tasky.xcdatamodeld;
			sourceTree = "<group>";
			versionGroupType = wrapper.xcdatamodel;
		};
/* End XCVersionGroup section */
	};
	rootObject = 86A99A542C61548400098FE0 /* Project object */;
}
